
Microsoft Visual Studio Solution File, Format Version 12.00
# Visual Studio 15
VisualStudioVersion = 15.0.26124.0
MinimumVisualStudioVersion = 15.0.26124.0
Project("{FAE04EC0-301F-11D3-BF4B-00C04F79EFBC}") = "Domain", "Domain\Domain.csproj", "{938ADA17-137D-4FAB-B1C9-0FFE79C5E8AE}"
EndProject
Project("{FAE04EC0-301F-11D3-BF4B-00C04F79EFBC}") = "Application", "Application\Application.csproj", "{8D2480CA-528B-41F7-87AE-54D8CC345527}"
EndProject
Project("{FAE04EC0-301F-11D3-BF4B-00C04F79EFBC}") = "API", "API\API.csproj", "{1C915CF3-9C2E-47F4-BA36-AD904EEE81ED}"
EndProject
Global
	GlobalSection(SolutionConfigurationPlatforms) = preSolution
		Debug|Any CPU = Debug|Any CPU
		Debug|x64 = Debug|x64
		Debug|x86 = Debug|x86
		Release|Any CPU = Release|Any CPU
		Release|x64 = Release|x64
		Release|x86 = Release|x86
	EndGlobalSection
	GlobalSection(SolutionProperties) = preSolution
		HideSolutionNode = FALSE
	EndGlobalSection
	GlobalSection(ProjectConfigurationPlatforms) = postSolution
		{938ADA17-137D-4FAB-B1C9-0FFE79C5E8AE}.Debug|Any CPU.ActiveCfg = Debug|Any CPU
		{938ADA17-137D-4FAB-B1C9-0FFE79C5E8AE}.Debug|Any CPU.Build.0 = Debug|Any CPU
		{938ADA17-137D-4FAB-B1C9-0FFE79C5E8AE}.Debug|x64.ActiveCfg = Debug|Any CPU
		{938ADA17-137D-4FAB-B1C9-0FFE79C5E8AE}.Debug|x64.Build.0 = Debug|Any CPU
		{938ADA17-137D-4FAB-B1C9-0FFE79C5E8AE}.Debug|x86.ActiveCfg = Debug|Any CPU
		{938ADA17-137D-4FAB-B1C9-0FFE79C5E8AE}.Debug|x86.Build.0 = Debug|Any CPU
		{938ADA17-137D-4FAB-B1C9-0FFE79C5E8AE}.Release|Any CPU.ActiveCfg = Release|Any CPU
		{938ADA17-137D-4FAB-B1C9-0FFE79C5E8AE}.Release|Any CPU.Build.0 = Release|Any CPU
		{938ADA17-137D-4FAB-B1C9-0FFE79C5E8AE}.Release|x64.ActiveCfg = Release|Any CPU
		{938ADA17-137D-4FAB-B1C9-0FFE79C5E8AE}.Release|x64.Build.0 = Release|Any CPU
		{938ADA17-137D-4FAB-B1C9-0FFE79C5E8AE}.Release|x86.ActiveCfg = Release|Any CPU
		{938ADA17-137D-4FAB-B1C9-0FFE79C5E8AE}.Release|x86.Build.0 = Release|Any CPU
		{8D2480CA-528B-41F7-87AE-54D8CC345527}.Debug|Any CPU.ActiveCfg = Debug|Any CPU
		{8D2480CA-528B-41F7-87AE-54D8CC345527}.Debug|Any CPU.Build.0 = Debug|Any CPU
		{8D2480CA-528B-41F7-87AE-54D8CC345527}.Debug|x64.ActiveCfg = Debug|Any CPU
		{8D2480CA-528B-41F7-87AE-54D8CC345527}.Debug|x64.Build.0 = Debug|Any CPU
		{8D2480CA-528B-41F7-87AE-54D8CC345527}.Debug|x86.ActiveCfg = Debug|Any CPU
		{8D2480CA-528B-41F7-87AE-54D8CC345527}.Debug|x86.Build.0 = Debug|Any CPU
		{8D2480CA-528B-41F7-87AE-54D8CC345527}.Release|Any CPU.ActiveCfg = Release|Any CPU
		{8D2480CA-528B-41F7-87AE-54D8CC345527}.Release|Any CPU.Build.0 = Release|Any CPU
		{8D2480CA-528B-41F7-87AE-54D8CC345527}.Release|x64.ActiveCfg = Release|Any CPU
		{8D2480CA-528B-41F7-87AE-54D8CC345527}.Release|x64.Build.0 = Release|Any CPU
		{8D2480CA-528B-41F7-87AE-54D8CC345527}.Release|x86.ActiveCfg = Release|Any CPU
		{8D2480CA-528B-41F7-87AE-54D8CC345527}.Release|x86.Build.0 = Release|Any CPU
		{1C915CF3-9C2E-47F4-BA36-AD904EEE81ED}.Debug|Any CPU.ActiveCfg = Debug|Any CPU
		{1C915CF3-9C2E-47F4-BA36-AD904EEE81ED}.Debug|Any CPU.Build.0 = Debug|Any CPU
		{1C915CF3-9C2E-47F4-BA36-AD904EEE81ED}.Debug|x64.ActiveCfg = Debug|Any CPU
		{1C915CF3-9C2E-47F4-BA36-AD904EEE81ED}.Debug|x64.Build.0 = Debug|Any CPU
		{1C915CF3-9C2E-47F4-BA36-AD904EEE81ED}.Debug|x86.ActiveCfg = Debug|Any CPU
		{1C915CF3-9C2E-47F4-BA36-AD904EEE81ED}.Debug|x86.Build.0 = Debug|Any CPU
		{1C915CF3-9C2E-47F4-BA36-AD904EEE81ED}.Release|Any CPU.ActiveCfg = Release|Any CPU
		{1C915CF3-9C2E-47F4-BA36-AD904EEE81ED}.Release|Any CPU.Build.0 = Release|Any CPU
		{1C915CF3-9C2E-47F4-BA36-AD904EEE81ED}.Release|x64.ActiveCfg = Release|Any CPU
		{1C915CF3-9C2E-47F4-BA36-AD904EEE81ED}.Release|x64.Build.0 = Release|Any CPU
		{1C915CF3-9C2E-47F4-BA36-AD904EEE81ED}.Release|x86.ActiveCfg = Release|Any CPU
		{1C915CF3-9C2E-47F4-BA36-AD904EEE81ED}.Release|x86.Build.0 = Release|Any CPU
	EndGlobalSection
EndGlobal
